- hosts: localhost
  gather_facts: no
  tasks:
    - block:
        - name: block task
          debug:
            msg: "block task 1"

        - name: block task
          debug:
            msg: "block task 2"
          register: block_result
      when: true

    - debug:
        var: block_result
